
Microsoft Visual Studio Solution File, Format Version 12.00
# Visual Studio 15
VisualStudioVersion = 15.0.27428.2015
MinimumVisualStudioVersion = 10.0.40219.1
Project("{FAE04EC0-301F-11D3-BF4B-00C04F79EFBC}") = "FileAccessTest", "FileAccessTest\FileAccessTest.csproj", "{5E0A6FAC-6234-427F-9A51-EFDDC747F0AB}"
EndProject
Global
	GlobalSection(SolutionConfigurationPlatforms) = preSolution
		Debug|ARM = Debug|ARM
		Debug|x64 = Debug|x64
		Debug|x86 = Debug|x86
		Release|ARM = Release|ARM
		Release|x64 = Release|x64
		Release|x86 = Release|x86
	EndGlobalSection
	GlobalSection(ProjectConfigurationPlatforms) = postSolution
		{5E0A6FAC-6234-427F-9A51-EFDDC747F0AB}.Debug|ARM.ActiveCfg = Debug|ARM
		{5E0A6FAC-6234-427F-9A51-EFDDC747F0AB}.Debug|ARM.Build.0 = Debug|ARM
		{5E0A6FAC-6234-427F-9A51-EFDDC747F0AB}.Debug|ARM.Deploy.0 = Debug|ARM
		{5E0A6FAC-6234-427F-9A51-EFDDC747F0AB}.Debug|x64.ActiveCfg = Debug|x64
		{5E0A6FAC-6234-427F-9A51-EFDDC747F0AB}.Debug|x64.Build.0 = Debug|x64
		{5E0A6FAC-6234-427F-9A51-EFDDC747F0AB}.Debug|x64.Deploy.0 = Debug|x64
		{5E0A6FAC-6234-427F-9A51-EFDDC747F0AB}.Debug|x86.ActiveCfg = Debug|x86
		{5E0A6FAC-6234-427F-9A51-EFDDC747F0AB}.Debug|x86.Build.0 = Debug|x86
		{5E0A6FAC-6234-427F-9A51-EFDDC747F0AB}.Debug|x86.Deploy.0 = Debug|x86
		{5E0A6FAC-6234-427F-9A51-EFDDC747F0AB}.Release|ARM.ActiveCfg = Release|ARM
		{5E0A6FAC-6234-427F-9A51-EFDDC747F0AB}.Release|ARM.Build.0 = Release|ARM
		{5E0A6FAC-6234-427F-9A51-EFDDC747F0AB}.Release|ARM.Deploy.0 = Release|ARM
		{5E0A6FAC-6234-427F-9A51-EFDDC747F0AB}.Release|x64.ActiveCfg = Release|x64
		{5E0A6FAC-6234-427F-9A51-EFDDC747F0AB}.Release|x64.Build.0 = Release|x64
		{5E0A6FAC-6234-427F-9A51-EFDDC747F0AB}.Release|x64.Deploy.0 = Release|x64
		{5E0A6FAC-6234-427F-9A51-EFDDC747F0AB}.Release|x86.ActiveCfg = Release|x86
		{5E0A6FAC-6234-427F-9A51-EFDDC747F0AB}.Release|x86.Build.0 = Release|x86
		{5E0A6FAC-6234-427F-9A51-EFDDC747F0AB}.Release|x86.Deploy.0 = Release|x86
	EndGlobalSection
	GlobalSection(SolutionProperties) = preSolution
		HideSolutionNode = FALSE
	EndGlobalSection
	GlobalSection(ExtensibilityGlobals) = postSolution
		SolutionGuid = {D458042A-6FD7-43A9-BC88-229CC1301E97}
	EndGlobalSection
EndGlobal
